// !$*UTF8*$!
{
	archiveVersion = 1;
	classes = {
	};
	objectVersion = 50;
	objects = {

/* Begin PBXBuildFile section */
		D46DFD162295A6FC00D98880 /* AppDelegate.m in Sources */ = {isa = PBXBuildFile; fileRef = D46DFD152295A6FC00D98880 /* AppDelegate.m */; };
		D46DFD192295A6FC00D98880 /* ViewController.m in Sources */ = {isa = PBXBuildFile; fileRef = D46DFD182295A6FC00D98880 /* ViewController.m */; };
		D46DFD1C2295A6FC00D98880 /* Main.storyboard in Resources */ = {isa = PBXBuildFile; fileRef = D46DFD1A2295A6FC00D98880 /* Main.storyboard */; };
		D46DFD1E2295A6FE00D98880 /* Assets.xcassets in Resources */ = {isa = PBXBuildFile; fileRef = D46DFD1D2295A6FE00D98880 /* Assets.xcassets */; };
		D46DFD212295A6FE00D98880 /* LaunchScreen.storyboard in Resources */ = {isa = PBXBuildFile; fileRef = D46DFD1F2295A6FE00D98880 /* LaunchScreen.storyboard */; };
		D46DFD242295A6FE00D98880 /* main.m in Sources */ = {isa = PBXBuildFile; fileRef = D46DFD232295A6FE00D98880 /* main.m */; };
		D46DFD2C2295A71400D98880 /* MDSegmentView.m in Sources */ = {isa = PBXBuildFile; fileRef = D46DFD2B2295A71400D98880 /* MDSegmentView.m */; };
/* End PBXBuildFile section */

/* Begin PBXFileReference section */
		D46DFD112295A6FC00D98880 /* MDSegmentView.app */ = {isa = PBXFileReference; explicitFileType = wrapper.application; includeInIndex = 0; path = MDSegmentView.app; sourceTree = BUILT_PRODUCTS_DIR; };
		D46DFD142295A6FC00D98880 /* AppDelegate.h */ = {isa = PBXFileReference; lastKnownFileType = sourcecode.c.h; path = AppDelegate.h; sourceTree = "<group>"; };
		D46DFD152295A6FC00D98880 /* AppDelegate.m */ = {isa = PBXFileReference; lastKnownFileType = sourcecode.c.objc; path = AppDelegate.m; sourceTree = "<group>"; };
		D46DFD172295A6FC00D98880 /* ViewController.h */ = {isa = PBXFileReference; lastKnownFileType = sourcecode.c.h; path = ViewController.h; sourceTree = "<group>"; };
		D46DFD182295A6FC00D98880 /* ViewController.m */ = {isa = PBXFileReference; lastKnownFileType = sourcecode.c.objc; path = ViewController.m; sourceTree = "<group>"; };
		D46DFD1B2295A6FC00D98880 /* Base */ = {isa = PBXFileReference; lastKnownFileType = file.storyboard; name = Base; path = Base.lproj/Main.storyboard; sourceTree = "<group>"; };
		D46DFD1D2295A6FE00D98880 /* Assets.xcassets */ = {isa = PBXFileReference; lastKnownFileType = folder.assetcatalog; path = Assets.xcassets; sourceTree = "<group>"; };
		D46DFD202295A6FE00D98880 /* Base */ = {isa = PBXFileReference; lastKnownFileType = file.storyboard; name = Base; path = Base.lproj/LaunchScreen.storyboard; sourceTree = "<group>"; };
		D46DFD222295A6FE00D98880 /* Info.plist */ = {isa = PBXFileReference; lastKnownFileType = text.plist.xml; path = Info.plist; sourceTree = "<group>"; };
		D46DFD232295A6FE00D98880 /* main.m */ = {isa = PBXFileReference; lastKnownFileType = sourcecode.c.objc; path = main.m; sourceTree = "<group>"; };
		D46DFD2A2295A71400D98880 /* MDSegmentView.h */ = {isa = PBXFileReference; lastKnownFileType = sourcecode.c.h; path = MDSegmentView.h; sourceTree = "<group>"; };
		D46DFD2B2295A71400D98880 /* MDSegmentView.m */ = {isa = PBXFileReference; lastKnownFileType = sourcecode.c.objc; path = MDSegmentView.m; sourceTree = "<group>"; };
/* End PBXFileReference section */

/* Begin PBXFrameworksBuildPhase section */
		D46DFD0E2295A6FC00D98880 /* Frameworks */ = {
			isa = PBXFrameworksBuildPhase;
			buildActionMask = 2147483647;
			files = (
			);
			runOnlyForDeploymentPostprocessing = 0;
		};
/* End PBXFrameworksBuildPhase section */

/* Begin PBXGroup section */
		D46DFD082295A6FC00D98880 = {
			isa = PBXGroup;
			children = (
				D46DFD132295A6FC00D98880 /* MDSegmentView */,
				D46DFD122295A6FC00D98880 /* Products */,
			);
			sourceTree = "<group>";
		};
		D46DFD122295A6FC00D98880 /* Products */ = {
			isa = PBXGroup;
			children = (
				D46DFD112295A6FC00D98880 /* MDSegmentView.app */,
			);
			name = Products;
			sourceTree = "<group>";
		};
		D46DFD132295A6FC00D98880 /* MDSegmentView */ = {
			isa = PBXGroup;
			children = (
				D46DFD142295A6FC00D98880 /* AppDelegate.h */,
				D46DFD152295A6FC00D98880 /* AppDelegate.m */,
				D46DFD172295A6FC00D98880 /* ViewController.h */,
				D46DFD182295A6FC00D98880 /* ViewController.m */,
				D46DFD2A2295A71400D98880 /* MDSegmentView.h */,
				D46DFD2B2295A71400D98880 /* MDSegmentView.m */,
				D46DFD1A2295A6FC00D98880 /* Main.storyboard */,
				D46DFD1D2295A6FE00D98880 /* Assets.xcassets */,
				D46DFD1F2295A6FE00D98880 /* LaunchScreen.storyboard */,
				D46DFD222295A6FE00D98880 /* Info.plist */,
				D46DFD232295A6FE00D98880 /* main.m */,
			);
			path = MDSegmentView;
			sourceTree = "<group>";
		};
/* End PBXGroup section */

/* Begin PBXNativeTarget section */
		D46DFD102295A6FC00D98880 /* MDSegmentView */ = {
			isa = PBXNativeTarget;
			buildConfigurationList = D46DFD272295A6FE00D98880 /* Build configuration list for PBXNativeTarget "MDSegmentView" */;
			buildPhases = (
				D46DFD0D2295A6FC00D98880 /* Sources */,
				D46DFD0E2295A6FC00D98880 /* Frameworks */,
				D46DFD0F2295A6FC00D98880 /* Resources */,
			);
			buildRules = (
			);
			dependencies = (
			);
			name = MDSegmentView;
			productName = MDSegmentView;
			productReference = D46DFD112295A6FC00D98880 /* MDSegmentView.app */;
			productType = "com.apple.product-type.application";
		};
/* End PBXNativeTarget section */

/* Begin PBXProject section */
		D46DFD092295A6FC00D98880 /* Project object */ = {
			isa = PBXProject;
			attributes = {
				LastUpgradeCheck = 1010;
				ORGANIZATIONNAME = liyongjie;
				TargetAttributes = {
					D46DFD102295A6FC00D98880 = {
						CreatedOnToolsVersion = 10.1;
					};
				};
			};
			buildConfigurationList = D46DFD0C2295A6FC00D98880 /* Build configuration list for PBXProject "MDSegmentView" */;
			compatibilityVersion = "Xcode 9.3";
			developmentRegion = en;
			hasScannedForEncodings = 0;
			knownRegions = (
				en,
				Base,
			);
			mainGroup = D46DFD082295A6FC00D98880;
			productRefGroup = D46DFD122295A6FC00D98880 /* Products */;
			projectDirPath = "";
			projectRoot = "";
			targets = (
				D46DFD102295A6FC00D98880 /* MDSegmentView */,
			);
		};
/* End PBXProject section */

/* Begin PBXResourcesBuildPhase section */
		D46DFD0F2295A6FC00D98880 /* Resources */ = {
			isa = PBXResourcesBuildPhase;
			buildActionMask = 2147483647;
			files = (
				D46DFD212295A6FE00D98880 /* LaunchScreen.storyboard in Resources */,
				D46DFD1E2295A6FE00D98880 /* Assets.xcassets in Resources */,
				D46DFD1C2295A6FC00D98880 /* Main.storyboard in Resources */,
			);
			runOnlyForDeploymentPostprocessing = 0;
		};
/* End PBXResourcesBuildPhase section */

/* Begin PBXSourcesBuildPhase section */
		D46DFD0D2295A6FC00D98880 /* Sources */ = {
			isa = PBXSourcesBuildPhase;
			buildActionMask = 2147483647;
			files = (
				D46DFD192295A6FC00D98880 /* ViewController.m in Sources */,
				D46DFD2C2295A71400D98880 /* MDSegmentView.m in Sources */,
				D46DFD242295A6FE00D98880 /* main.m in Sources */,
				D46DFD162295A6FC00D98880 /* AppDelegate.m in Sources */,
			);
			runOnlyForDeploymentPostprocessing = 0;
		};
/* End PBXSourcesBuildPhase section */

/* Begin PBXVariantGroup section */
		D46DFD1A2295A6FC00D98880 /* Main.storyboard */ = {
			isa = PBXVariantGroup;
			children = (
				D46DFD1B2295A6FC00D98880 /* Base */,
			);
			name = Main.storyboard;
			sourceTree = "<group>";
		};
		D46DFD1F2295A6FE00D98880 /* LaunchScreen.storyboard */ = {
			isa = PBXVariantGroup;
			children = (
				D46DFD202295A6FE00D98880 /* Base */,
			);
			name = LaunchScreen.storyboard;
			sourceTree = "<group>";
		};
/* End PBXVariantGroup section */

/* Begin XCBuildConfiguration section */
		D46DFD252295A6FE00D98880 /* Debug */ = {
			isa = XCBuildConfiguration;
			buildSettings = {
				ALWAYS_SEARCH_USER_PATHS = NO;
				CLANG_ANALYZER_NONNULL = YES;
				CLANG_ANALYZER_NUMBER_OBJECT_CONVERSION = YES_AGGRESSIVE;
				CLANG_CXX_LANGUAGE_STANDARD = "gnu++14";
				CLANG_CXX_LIBRARY = "libc++";
				CLANG_ENABLE_MODULES = YES;
				CLANG_ENABLE_OBJC_ARC = YES;
				CLANG_ENABLE_OBJC_WEAK = YES;
				CLANG_WARN_BLOCK_CAPTURE_AUTORELEASING = YES;
				CLANG_WARN_BOOL_CONVERSION = YES;
				CLANG_WARN_COMMA = YES;
				CLANG_WARN_CONSTANT_CONVERSION = YES;
				CLANG_WARN_DEPRECATED_OBJC_IMPLEMENTATIONS = YES;
				CLANG_WARN_DIRECT_OBJC_ISA_USAGE = YES_ERROR;
				CLANG_WARN_DOCUMENTATION_COMMENTS = YES;
				CLANG_WARN_EMPTY_BODY = YES;
				CLANG_WARN_ENUM_CONVERSION = YES;
				CLANG_WARN_INFINITE_RECURSION = YES;
				CLANG_WARN_INT_CONVERSION = YES;
				CLANG_WARN_NON_LITERAL_NULL_CONVERSION = YES;
				CLANG_WARN_OBJC_IMPLICIT_RETAIN_SELF = YES;
				CLANG_WARN_OBJC_LITERAL_CONVERSION = YES;
				CLANG_WARN_OBJC_ROOT_CLASS = YES_ERROR;
				CLANG_WARN_RANGE_LOOP_ANALYSIS = YES;
				CLANG_WARN_STRICT_PROTOTYPES = YES;
				CLANG_WARN_SUSPICIOUS_MOVE = YES;
				CLANG_WARN_UNGUARDED_AVAILABILITY = YES_AGGRESSIVE;
				CLANG_WARN_UNREACHABLE_CODE = YES;
				CLANG_WARN__DUPLICATE_METHOD_MATCH = YES;
				CODE_SIGN_IDENTITY = "iPhone Developer";
				COPY_PHASE_STRIP = NO;
				DEBUG_INFORMATION_FORMAT = dwarf;
				ENABLE_STRICT_OBJC_MSGSEND = YES;
				ENABLE_TESTABILITY = YES;
				GCC_C_LANGUAGE_STANDARD = gnu11;
				GCC_DYNAMIC_NO_PIC = NO;
				GCC_NO_COMMON_BLOCKS = YES;
				GCC_OPTIMIZATION_LEVEL = 0;
				GCC_PREPROCESSOR_DEFINITIONS = (
					"DEBUG=1",
					"$(inherited)",
				);
				GCC_WARN_64_TO_32_BIT_CONVERSION = YES;
				GCC_WARN_ABOUT_RETURN_TYPE = YES_ERROR;
				GCC_WARN_UNDECLARED_SELECTOR = YES;
				GCC_WARN_UNINITIALIZED_AUTOS = YES_AGGRESSIVE;
				GCC_WARN_UNUSED_FUNCTION = YES;
				GCC_WARN_UNUSED_VARIABLE = YES;
				IPHONEOS_DEPLOYMENT_TARGET = 12.1;
				MTL_ENABLE_DEBUG_INFO = INCLUDE_SOURCE;
				MTL_FAST_MATH = YES;
				ONLY_ACTIVE_ARCH = YES;
				SDKROOT = iphoneos;
			};
			name = Debug;
		};
		D46DFD262295A6FE00D98880 /* Release */ = {
			isa = XCBuildConfiguration;
			buildSettings = {
				ALWAYS_SEARCH_USER_PATHS = NO;
				CLANG_ANALYZER_NONNULL = YES;
				CLANG_ANALYZER_NUMBER_OBJECT_CONVERSION = YES_AGGRESSIVE;
				CLANG_CXX_LANGUAGE_STANDARD = "gnu++14";
				CLANG_CXX_LIBRARY = "libc++";
				CLANG_ENABLE_MODULES = YES;
				CLANG_ENABLE_OBJC_ARC = YES;
				CLANG_ENABLE_OBJC_WEAK = YES;
				CLANG_WARN_BLOCK_CAPTURE_AUTORELEASING = YES;
				CLANG_WARN_BOOL_CONVERSION = YES;
				CLANG_WARN_COMMA = YES;
				CLANG_WARN_CONSTANT_CONVERSION = YES;
				CLANG_WARN_DEPRECATED_OBJC_IMPLEMENTATIONS = YES;
				CLANG_WARN_DIRECT_OBJC_ISA_USAGE = YES_ERROR;
				CLANG_WARN_DOCUMENTATION_COMMENTS = YES;
				CLANG_WARN_EMPTY_BODY = YES;
				CLANG_WARN_ENUM_CONVERSION = YES;
				CLANG_WARN_INFINITE_RECURSION = YES;
				CLANG_WARN_INT_CONVERSION = YES;
				CLANG_WARN_NON_LITERAL_NULL_CONVERSION = YES;
				CLANG_WARN_OBJC_IMPLICIT_RETAIN_SELF = YES;
				CLANG_WARN_OBJC_LITERAL_CONVERSION = YES;
				CLANG_WARN_OBJC_ROOT_CLASS = YES_ERROR;
				CLANG_WARN_RANGE_LOOP_ANALYSIS = YES;
				CLANG_WARN_STRICT_PROTOTYPES = YES;
				CLANG_WARN_SUSPICIOUS_MOVE = YES;
				CLANG_WARN_UNGUARDED_AVAILABILITY = YES_AGGRESSIVE;
				CLANG_WARN_UNREACHABLE_CODE = YES;
				CLANG_WARN__DUPLICATE_METHOD_MATCH = YES;
				CODE_SIGN_IDENTITY = "iPhone Developer";
				COPY_PHASE_STRIP = NO;
				DEBUG_INFORMATION_FORMAT = "dwarf-with-dsym";
				ENABLE_NS_ASSERTIONS = NO;
				ENABLE_STRICT_OBJC_MSGSEND = YES;
				GCC_C_LANGUAGE_STANDARD = gnu11;
				GCC_NO_COMMON_BLOCKS = YES;
				GCC_WARN_64_TO_32_BIT_CONVERSION = YES;
				GCC_WARN_ABOUT_RETURN_TYPE = YES_ERROR;
				GCC_WARN_UNDECLARED_SELECTOR = YES;
				GCC_WARN_UNINITIALIZED_AUTOS = YES_AGGRESSIVE;
				GCC_WARN_UNUSED_FUNCTION = YES;
				GCC_WARN_UNUSED_VARIABLE = YES;
				IPHONEOS_DEPLOYMENT_TARGET = 12.1;
				MTL_ENABLE_DEBUG_INFO = NO;
				MTL_FAST_MATH = YES;
				SDKROOT = iphoneos;
				VALIDATE_PRODUCT = YES;
			};
			name = Release;
		};
		D46DFD282295A6FE00D98880 /* Debug */ = {
			isa = XCBuildConfiguration;
			buildSettings = {
				ASSETCATALOG_COMPILER_APPICON_NAME = AppIcon;
				CODE_SIGN_STYLE = Automatic;
				INFOPLIST_FILE = MDSegmentView/Info.plist;
				LD_RUNPATH_SEARCH_PATHS = (
					"$(inherited)",
					"@executable_path/Frameworks",
				);
				PRODUCT_BUNDLE_IDENTIFIER = "Y--J.MDSegmentView";
				PRODUCT_NAME = "$(TARGET_NAME)";
				TARGETED_DEVICE_FAMILY = "1,2";
			};
			name = Debug;
		};
		D46DFD292295A6FE00D98880 /* Release */ = {
			isa = XCBuildConfiguration;
			buildSettings = {
				ASSETCATALOG_COMPILER_APPICON_NAME = AppIcon;
				CODE_SIGN_STYLE = Automatic;
				INFOPLIST_FILE = MDSegmentView/Info.plist;
				LD_RUNPATH_SEARCH_PATHS = (
					"$(inherited)",
					"@executable_path/Frameworks",
				);
				PRODUCT_BUNDLE_IDENTIFIER = "Y--J.MDSegmentView";
				PRODUCT_NAME = "$(TARGET_NAME)";
				TARGETED_DEVICE_FAMILY = "1,2";
			};
			name = Release;
		};
/* End XCBuildConfiguration section */

/* Begin XCConfigurationList section */
		D46DFD0C2295A6FC00D98880 /* Build configuration list for PBXProject "MDSegmentView" */ = {
			isa = XCConfigurationList;
			buildConfigurations = (
				D46DFD252295A6FE00D98880 /* Debug */,
				D46DFD262295A6FE00D98880 /* Release */,
			);
			defaultConfigurationIsVisible = 0;
			defaultConfigurationName = Release;
		};
		D46DFD272295A6FE00D98880 /* Build configuration list for PBXNativeTarget "MDSegmentView" */ = {
			isa = XCConfigurationList;
			buildConfigurations = (
				D46DFD282295A6FE00D98880 /* Debug */,
				D46DFD292295A6FE00D98880 /* Release */,
			);
			defaultConfigurationIsVisible = 0;
			defaultConfigurationName = Release;
		};
/* End XCConfigurationList section */
	};
	rootObject = D46DFD092295A6FC00D98880 /* Project object */;
}
